# This file is automatically @generated by Cargo.
# It is not intended for manual editing.
version = 3

[[package]]
name = "aho-corasick"
version = "0.7.18"
source = "registry+https://github.com/rust-lang/crates.io-index"
checksum = "1e37cfd5e7657ada45f742d6e99ca5788580b5c529dc78faf11ece6dc702656f"
dependencies = [
 "memchr",
]

[[package]]
name = "async-trait"
version = "0.1.57"
source = "registry+https://github.com/rust-lang/crates.io-index"
checksum = "76464446b8bc32758d7e88ee1a804d9914cd9b1cb264c029899680b0be29826f"
dependencies = [
 "proc-macro2",
 "quote",
 "syn",
]

[[package]]
name = "async_once"
version = "0.2.6"
source = "registry+https://github.com/rust-lang/crates.io-index"
checksum = "2ce4f10ea3abcd6617873bae9f91d1c5332b4a778bd9ce34d0cd517474c1de82"

[[package]]
name = "autocfg"
version = "1.1.0"
source = "registry+https://github.com/rust-lang/crates.io-index"
checksum = "d468802bab17cbc0cc575e9b053f41e72aa36bfa6b7f55e3529ffa43161b97fa"

[[package]]
name = "bitflags"
version = "1.3.2"
source = "registry+https://github.com/rust-lang/crates.io-index"
checksum = "bef38d45163c2f1dde094a7dfd33ccf595c92905c8f8f4fdc18d06fb1037718a"

[[package]]
name = "cached"
version = "0.39.0"
source = "registry+https://github.com/rust-lang/crates.io-index"
checksum = "f3e27085975166ffaacbd04527132e1cf5906fa612991f9b4fea08e787da2961"
dependencies = [
 "async-trait",
 "async_once",
 "cached_proc_macro",
 "cached_proc_macro_types",
 "futures",
 "hashbrown",
 "instant",
 "lazy_static",
 "once_cell",
 "thiserror",
 "tokio",
]

[[package]]
name = "cached_proc_macro"
version = "0.15.0"
source = "registry+https://github.com/rust-lang/crates.io-index"
checksum = "751f7f4e7a091545e7f6c65bacc404eaee7e87bfb1f9ece234a1caa173dc16f2"
dependencies = [
 "cached_proc_macro_types",
 "darling",
 "quote",
 "syn",
]

[[package]]
name = "cached_proc_macro_types"
version = "0.1.0"
source = "registry+https://github.com/rust-lang/crates.io-index"
checksum = "3a4f925191b4367301851c6d99b09890311d74b0d43f274c0b34c86d308a3663"

[[package]]
name = "cc"
version = "1.0.73"
source = "registry+https://github.com/rust-lang/crates.io-index"
checksum = "2fff2a6927b3bb87f9595d67196a70493f627687a71d87a0d692242c33f58c11"

[[package]]
name = "cfg-if"
version = "1.0.0"
source = "registry+https://github.com/rust-lang/crates.io-index"
checksum = "baf1de4339761588bc0619e3cbc0120ee582ebb74b53b4efbf79117bd2da40fd"

[[package]]
name = "ctor"
version = "0.1.22"
source = "registry+https://github.com/rust-lang/crates.io-index"
checksum = "f877be4f7c9f246b183111634f75baa039715e3f46ce860677d3b19a69fb229c"
dependencies = [
 "quote",
 "syn",
]

[[package]]
name = "darling"
version = "0.13.4"
source = "registry+https://github.com/rust-lang/crates.io-index"
checksum = "a01d95850c592940db9b8194bc39f4bc0e89dee5c4265e4b1807c34a9aba453c"
dependencies = [
 "darling_core",
 "darling_macro",
]

[[package]]
name = "darling_core"
version = "0.13.4"
source = "registry+https://github.com/rust-lang/crates.io-index"
checksum = "859d65a907b6852c9361e3185c862aae7fafd2887876799fa55f5f99dc40d610"
dependencies = [
 "fnv",
 "ident_case",
 "proc-macro2",
 "quote",
 "strsim",
 "syn",
]

[[package]]
name = "darling_macro"
version = "0.13.4"
source = "registry+https://github.com/rust-lang/crates.io-index"
checksum = "9c972679f83bdf9c42bd905396b6c3588a843a17f0f16dfcfa3e2c5d57441835"
dependencies = [
 "darling_core",
 "quote",
 "syn",
]

[[package]]
name = "diff"
version = "0.1.13"
source = "registry+https://github.com/rust-lang/crates.io-index"
checksum = "56254986775e3233ffa9c4d7d3faaf6d36a2c09d30b20687e9f88bc8bafc16c8"

[[package]]
name = "either"
version = "1.7.0"
source = "registry+https://github.com/rust-lang/crates.io-index"
checksum = "3f107b87b6afc2a64fd13cac55fe06d6c8859f12d4b14cbcdd2c67d0976781be"

[[package]]
name = "fastrand"
version = "1.7.0"
source = "registry+https://github.com/rust-lang/crates.io-index"
checksum = "c3fcf0cee53519c866c09b5de1f6c56ff9d647101f81c1964fa632e148896cdf"
dependencies = [
 "instant",
]

[[package]]
name = "fixedbitset"
version = "0.4.1"
source = "registry+https://github.com/rust-lang/crates.io-index"
checksum = "279fb028e20b3c4c320317955b77c5e0c9701f05a1d309905d6fc702cdc5053e"

[[package]]
name = "fmm"
version = "0.1.0"
source = "git+https://github.com/raviqqe/fmm?branch=main#d6e64f13090d71f1246bd7a3143a19efaa96dd0e"
dependencies = [
 "cached",
 "fnv",
 "hamt",
 "once_cell",
 "petgraph",
 "regex",
]

[[package]]
name = "fmm-c"
version = "0.1.0"
source = "git+https://github.com/raviqqe/fmm?branch=main#d6e64f13090d71f1246bd7a3143a19efaa96dd0e"
dependencies = [
 "fmm",
 "fnv",
 "tempfile",
]

[[package]]
name = "fmm-llvm"
version = "0.1.0"
source = "git+https://github.com/raviqqe/fmm?branch=main#d6e64f13090d71f1246bd7a3143a19efaa96dd0e"
dependencies = [
 "fmm",
 "fnv",
 "hamt",
 "inkwell",
 "llvm-sys",
 "once_cell",
]

[[package]]
name = "fnv"
version = "1.0.7"
source = "registry+https://github.com/rust-lang/crates.io-index"
checksum = "3f9eec918d3f24069decb9af1554cad7c880e2da24a9afd88aca000531ab82c1"

[[package]]
name = "futures"
version = "0.3.23"
source = "registry+https://github.com/rust-lang/crates.io-index"
checksum = "ab30e97ab6aacfe635fad58f22c2bb06c8b685f7421eb1e064a729e2a5f481fa"
dependencies = [
 "futures-channel",
 "futures-core",
 "futures-io",
 "futures-sink",
 "futures-task",
 "futures-util",
]

[[package]]
name = "futures-channel"
version = "0.3.23"
source = "registry+https://github.com/rust-lang/crates.io-index"
checksum = "2bfc52cbddcfd745bf1740338492bb0bd83d76c67b445f91c5fb29fae29ecaa1"
dependencies = [
 "futures-core",
 "futures-sink",
]

[[package]]
name = "futures-core"
version = "0.3.23"
source = "registry+https://github.com/rust-lang/crates.io-index"
checksum = "d2acedae88d38235936c3922476b10fced7b2b68136f5e3c03c2d5be348a1115"

[[package]]
name = "futures-io"
version = "0.3.23"
source = "registry+https://github.com/rust-lang/crates.io-index"
checksum = "93a66fc6d035a26a3ae255a6d2bca35eda63ae4c5512bef54449113f7a1228e5"

[[package]]
name = "futures-sink"
version = "0.3.23"
source = "registry+https://github.com/rust-lang/crates.io-index"
checksum = "ca0bae1fe9752cf7fd9b0064c674ae63f97b37bc714d745cbde0afb7ec4e6765"

[[package]]
name = "futures-task"
version = "0.3.23"
source = "registry+https://github.com/rust-lang/crates.io-index"
checksum = "842fc63b931f4056a24d59de13fb1272134ce261816e063e634ad0c15cdc5306"

[[package]]
name = "futures-util"
version = "0.3.23"
source = "registry+https://github.com/rust-lang/crates.io-index"
checksum = "f0828a5471e340229c11c77ca80017937ce3c58cb788a17e5f1c2d5c485a9577"
dependencies = [
 "futures-core",
 "futures-sink",
 "futures-task",
 "pin-project-lite",
 "pin-utils",
]

[[package]]
name = "hamt"
version = "0.3.1"
source = "git+https://github.com/raviqqe/hamt-rs?branch=main#34249d59c2871cc4dc96d7583b2998d11ec0a101"

[[package]]
name = "hashbrown"
version = "0.12.1"
source = "registry+https://github.com/rust-lang/crates.io-index"
checksum = "db0d4cf898abf0081f964436dc980e96670a0f36863e4b83aaacdb65c9d7ccc3"

[[package]]
name = "hermit-abi"
version = "0.1.19"
source = "registry+https://github.com/rust-lang/crates.io-index"
checksum = "62b467343b94ba476dcb2500d242dadbb39557df889310ac77c5d99100aaac33"
dependencies = [
 "libc",
]

[[package]]
name = "ident_case"
version = "1.0.1"
source = "registry+https://github.com/rust-lang/crates.io-index"
checksum = "b9e0384b61958566e926dc50660321d12159025e767c18e043daf26b70104c39"

[[package]]
name = "indexmap"
version = "1.9.1"
source = "registry+https://github.com/rust-lang/crates.io-index"
checksum = "10a35a97730320ffe8e2d410b5d3b69279b98d2c14bdb8b70ea89ecf7888d41e"
dependencies = [
 "autocfg",
 "hashbrown",
]

[[package]]
name = "inkwell"
version = "0.1.0"
source = "git+https://github.com/TheDan64/inkwell?branch=master#75284de83705132af8927b3e701840b2573c48c7"
dependencies = [
 "either",
 "inkwell_internals",
 "libc",
 "llvm-sys",
 "once_cell",
 "parking_lot",
]

[[package]]
name = "inkwell_internals"
version = "0.5.0"
source = "git+https://github.com/TheDan64/inkwell?branch=master#75284de83705132af8927b3e701840b2573c48c7"
dependencies = [
 "proc-macro2",
 "quote",
 "syn",
]

[[package]]
name = "instant"
version = "0.1.12"
source = "registry+https://github.com/rust-lang/crates.io-index"
checksum = "7a5bbe824c507c5da5956355e86a746d82e0e1464f65d862cc5e71da70e94b2c"
dependencies = [
 "cfg-if",
]

[[package]]
name = "lazy_static"
version = "1.4.0"
source = "registry+https://github.com/rust-lang/crates.io-index"
checksum = "e2abad23fbc42b3700f2f279844dc832adb2b2eb069b2df918f455c4e18cc646"

[[package]]
name = "libc"
version = "0.2.126"
source = "registry+https://github.com/rust-lang/crates.io-index"
checksum = "349d5a591cd28b49e1d1037471617a32ddcda5731b99419008085f72d5a53836"

[[package]]
name = "llvm-sys"
version = "140.0.2"
source = "registry+https://github.com/rust-lang/crates.io-index"
checksum = "5a4ad24a72823cb06764e04a008d4aedc1be56d2be87aa4212b12a3e9f77bb10"
dependencies = [
 "cc",
 "lazy_static",
 "libc",
 "regex",
 "semver",
]

[[package]]
name = "lock_api"
version = "0.4.7"
source = "registry+https://github.com/rust-lang/crates.io-index"
checksum = "327fa5b6a6940e4699ec49a9beae1ea4845c6bab9314e4f84ac68742139d8c53"
dependencies = [
 "autocfg",
 "scopeguard",
]

[[package]]
name = "memchr"
version = "2.5.0"
source = "registry+https://github.com/rust-lang/crates.io-index"
checksum = "2dffe52ecf27772e601905b7522cb4ef790d2cc203488bbd0e2fe85fcb74566d"

[[package]]
name = "num_cpus"
version = "1.13.1"
source = "registry+https://github.com/rust-lang/crates.io-index"
checksum = "19e64526ebdee182341572e50e9ad03965aa510cd94427a4549448f285e957a1"
dependencies = [
 "hermit-abi",
 "libc",
]

[[package]]
name = "once_cell"
version = "1.12.0"
source = "registry+https://github.com/rust-lang/crates.io-index"
checksum = "7709cef83f0c1f58f666e746a08b21e0085f7440fa6a29cc194d68aac97a4225"

[[package]]
name = "output_vt100"
version = "0.1.3"
source = "registry+https://github.com/rust-lang/crates.io-index"
checksum = "628223faebab4e3e40667ee0b2336d34a5b960ff60ea743ddfdbcf7770bcfb66"
dependencies = [
 "winapi",
]

[[package]]
name = "parking_lot"
version = "0.12.1"
source = "registry+https://github.com/rust-lang/crates.io-index"
checksum = "3742b2c103b9f06bc9fff0a37ff4912935851bee6d36f3c02bcc755bcfec228f"
dependencies = [
 "lock_api",
 "parking_lot_core",
]

[[package]]
name = "parking_lot_core"
version = "0.9.3"
source = "registry+https://github.com/rust-lang/crates.io-index"
checksum = "09a279cbf25cb0757810394fbc1e359949b59e348145c643a939a525692e6929"
dependencies = [
 "cfg-if",
 "libc",
 "redox_syscall",
 "smallvec",
 "windows-sys",
]

[[package]]
name = "petgraph"
version = "0.6.2"
source = "registry+https://github.com/rust-lang/crates.io-index"
checksum = "e6d5014253a1331579ce62aa67443b4a658c5e7dd03d4bc6d302b94474888143"
dependencies = [
 "fixedbitset",
 "indexmap",
]

[[package]]
name = "pin-project-lite"
version = "0.2.9"
source = "registry+https://github.com/rust-lang/crates.io-index"
checksum = "e0a7ae3ac2f1173085d398531c705756c94a4c56843785df85a60c1a0afac116"

[[package]]
name = "pin-utils"
version = "0.1.0"
source = "registry+https://github.com/rust-lang/crates.io-index"
checksum = "8b870d8c151b6f2fb93e84a13146138f05d02ed11c7e7c54f8826aaaf7c9f184"

[[package]]
name = "pretty_assertions"
version = "1.3.0"
source = "registry+https://github.com/rust-lang/crates.io-index"
checksum = "a25e9bcb20aa780fd0bb16b72403a9064d6b3f22f026946029acb941a50af755"
dependencies = [
 "ctor",
 "diff",
 "output_vt100",
 "yansi",
]

[[package]]
name = "proc-macro2"
version = "1.0.40"
source = "registry+https://github.com/rust-lang/crates.io-index"
checksum = "dd96a1e8ed2596c337f8eae5f24924ec83f5ad5ab21ea8e455d3566c69fbcaf7"
dependencies = [
 "unicode-ident",
]

[[package]]
name = "quote"
version = "1.0.20"
source = "registry+https://github.com/rust-lang/crates.io-index"
checksum = "3bcdf212e9776fbcb2d23ab029360416bb1706b1aea2d1a5ba002727cbcab804"
dependencies = [
 "proc-macro2",
]

[[package]]
name = "redox_syscall"
version = "0.2.13"
source = "registry+https://github.com/rust-lang/crates.io-index"
checksum = "62f25bc4c7e55e0b0b7a1d43fb893f4fa1361d0abe38b9ce4f323c2adfe6ef42"
dependencies = [
 "bitflags",
]

[[package]]
name = "regex"
version = "1.5.6"
source = "registry+https://github.com/rust-lang/crates.io-index"
checksum = "d83f127d94bdbcda4c8cc2e50f6f84f4b611f69c902699ca385a39c3a75f9ff1"
dependencies = [
 "aho-corasick",
 "memchr",
 "regex-syntax",
]

[[package]]
name = "regex-syntax"
version = "0.6.26"
source = "registry+https://github.com/rust-lang/crates.io-index"
checksum = "49b3de9ec5dc0a3417da371aab17d729997c15010e7fd24ff707773a33bddb64"

[[package]]
name = "remove_dir_all"
version = "0.5.3"
source = "registry+https://github.com/rust-lang/crates.io-index"
checksum = "3acd125665422973a33ac9d3dd2df85edad0f4ae9b00dafb1a05e43a9f5ef8e7"
dependencies = [
 "winapi",
]

[[package]]
name = "scopeguard"
version = "1.1.0"
source = "registry+https://github.com/rust-lang/crates.io-index"
checksum = "d29ab0c6d3fc0ee92fe66e2d99f700eab17a8d57d1c1d3b748380fb20baa78cd"

[[package]]
name = "semver"
version = "1.0.12"
source = "registry+https://github.com/rust-lang/crates.io-index"
checksum = "a2333e6df6d6598f2b1974829f853c2b4c5f4a6e503c10af918081aa6f8564e1"

[[package]]
name = "smallvec"
version = "1.9.0"
source = "registry+https://github.com/rust-lang/crates.io-index"
checksum = "2fd0db749597d91ff862fd1d55ea87f7855a744a8425a64695b6fca237d1dad1"

[[package]]
name = "ssf"
version = "0.1.0"
dependencies = [
 "pretty_assertions",
]

[[package]]
name = "ssf-fmm"
version = "0.1.0"
dependencies = [
 "fmm",
 "fmm-c",
 "fmm-llvm",
 "ssf",
 "tempfile",
]

[[package]]
name = "strsim"
version = "0.10.0"
source = "registry+https://github.com/rust-lang/crates.io-index"
checksum = "73473c0e59e6d5812c5dfe2a064a6444949f089e20eec9a2e5506596494e4623"

[[package]]
name = "syn"
version = "1.0.98"
source = "registry+https://github.com/rust-lang/crates.io-index"
checksum = "c50aef8a904de4c23c788f104b7dddc7d6f79c647c7c8ce4cc8f73eb0ca773dd"
dependencies = [
 "proc-macro2",
 "quote",
 "unicode-ident",
]

[[package]]
name = "tempfile"
version = "3.3.0"
source = "registry+https://github.com/rust-lang/crates.io-index"
checksum = "5cdb1ef4eaeeaddc8fbd371e5017057064af0911902ef36b39801f67cc6d79e4"
dependencies = [
 "cfg-if",
 "fastrand",
 "libc",
 "redox_syscall",
 "remove_dir_all",
 "winapi",
]

[[package]]
name = "thiserror"
version = "1.0.32"
source = "registry+https://github.com/rust-lang/crates.io-index"
checksum = "f5f6586b7f764adc0231f4c79be7b920e766bb2f3e51b3661cdb263828f19994"
dependencies = [
 "thiserror-impl",
]

[[package]]
name = "thiserror-impl"
version = "1.0.32"
source = "registry+https://github.com/rust-lang/crates.io-index"
checksum = "12bafc5b54507e0149cdf1b145a5d80ab80a90bcd9275df43d4fff68460f6c21"
dependencies = [
 "proc-macro2",
 "quote",
 "syn",
]

[[package]]
name = "tokio"
version = "1.20.1"
source = "registry+https://github.com/rust-lang/crates.io-index"
checksum = "7a8325f63a7d4774dd041e363b2409ed1c5cbbd0f867795e661df066b2b0a581"
dependencies = [
 "autocfg",
 "num_cpus",
 "once_cell",
 "pin-project-lite",
 "tokio-macros",
]

[[package]]
name = "tokio-macros"
version = "1.8.0"
source = "registry+https://github.com/rust-lang/crates.io-index"
checksum = "9724f9a975fb987ef7a3cd9be0350edcbe130698af5b8f7a631e23d42d052484"
dependencies = [
 "proc-macro2",
 "quote",
 "syn",
]

[[package]]
name = "unicode-ident"
version = "1.0.1"
source = "registry+https://github.com/rust-lang/crates.io-index"
checksum = "5bd2fe26506023ed7b5e1e315add59d6f584c621d037f9368fea9cfb988f368c"

[[package]]
name = "winapi"
version = "0.3.9"
source = "registry+https://github.com/rust-lang/crates.io-index"
checksum = "5c839a674fcd7a98952e593242ea400abe93992746761e38641405d28b00f419"
dependencies = [
 "winapi-i686-pc-windows-gnu",
 "winapi-x86_64-pc-windows-gnu",
]

[[package]]
name = "winapi-i686-pc-windows-gnu"
version = "0.4.0"
source = "registry+https://github.com/rust-lang/crates.io-index"
checksum = "ac3b87c63620426dd9b991e5ce0329eff545bccbbb34f3be09ff6fb6ab51b7b6"

[[package]]
name = "winapi-x86_64-pc-windows-gnu"
version = "0.4.0"
source = "registry+https://github.com/rust-lang/crates.io-index"
checksum = "712e227841d057c1ee1cd2fb22fa7e5a5461ae8e48fa2ca79ec42cfc1931183f"

[[package]]
name = "windows-sys"
version = "0.36.1"
source = "registry+https://github.com/rust-lang/crates.io-index"
checksum = "ea04155a16a59f9eab786fe12a4a450e75cdb175f9e0d80da1e17db09f55b8d2"
dependencies = [
 "windows_aarch64_msvc",
 "windows_i686_gnu",
 "windows_i686_msvc",
 "windows_x86_64_gnu",
 "windows_x86_64_msvc",
]

[[package]]
name = "windows_aarch64_msvc"
version = "0.36.1"
source = "registry+https://github.com/rust-lang/crates.io-index"
checksum = "9bb8c3fd39ade2d67e9874ac4f3db21f0d710bee00fe7cab16949ec184eeaa47"

[[package]]
name = "windows_i686_gnu"
version = "0.36.1"
source = "registry+https://github.com/rust-lang/crates.io-index"
checksum = "180e6ccf01daf4c426b846dfc66db1fc518f074baa793aa7d9b9aaeffad6a3b6"

[[package]]
name = "windows_i686_msvc"
version = "0.36.1"
source = "registry+https://github.com/rust-lang/crates.io-index"
checksum = "e2e7917148b2812d1eeafaeb22a97e4813dfa60a3f8f78ebe204bcc88f12f024"

[[package]]
name = "windows_x86_64_gnu"
version = "0.36.1"
source = "registry+https://github.com/rust-lang/crates.io-index"
checksum = "4dcd171b8776c41b97521e5da127a2d86ad280114807d0b2ab1e462bc764d9e1"

[[package]]
name = "windows_x86_64_msvc"
version = "0.36.1"
source = "registry+https://github.com/rust-lang/crates.io-index"
checksum = "c811ca4a8c853ef420abd8592ba53ddbbac90410fab6903b3e79972a631f7680"

[[package]]
name = "yansi"
version = "0.5.1"
source = "registry+https://github.com/rust-lang/crates.io-index"
checksum = "09041cd90cf85f7f8b2df60c646f853b7f535ce68f85244eb6731cf89fa498ec"
